
Microsoft Visual Studio Solution File, Format Version 12.00
# Visual Studio Version 17
VisualStudioVersion = 17.6.33829.357
MinimumVisualStudioVersion = 10.0.40219.1
Project("{FAE04EC0-301F-11D3-BF4B-00C04F79EFBC}") = "Game Forest", "Game Forest\Game Forest.csproj", "{89F71580-A286-4294-9CDB-C1A3E5C349CF}"
EndProject
Global
	GlobalSection(SolutionConfigurationPlatforms) = preSolution
		Debug|Any CPU = Debug|Any CPU
		Release|Any CPU = Release|Any CPU
	EndGlobalSection
	GlobalSection(ProjectConfigurationPlatforms) = postSolution
		{89F71580-A286-4294-9CDB-C1A3E5C349CF}.Debug|Any CPU.ActiveCfg = Debug|Any CPU
		{89F71580-A286-4294-9CDB-C1A3E5C349CF}.Debug|Any CPU.Build.0 = Debug|Any CPU
		{89F71580-A286-4294-9CDB-C1A3E5C349CF}.Release|Any CPU.ActiveCfg = Release|Any CPU
		{89F71580-A286-4294-9CDB-C1A3E5C349CF}.Release|Any CPU.Build.0 = Release|Any CPU
	EndGlobalSection
	GlobalSection(SolutionProperties) = preSolution
		HideSolutionNode = FALSE
	EndGlobalSection
	GlobalSection(ExtensibilityGlobals) = postSolution
		SolutionGuid = {DDA5FBFF-E866-40E6-9C31-B287AFA23F13}
	EndGlobalSection
EndGlobal
